
Microsoft Visual Studio Solution File, Format Version 12.00
# Visual Studio Version 17
VisualStudioVersion = 17.3.32929.385
MinimumVisualStudioVersion = 10.0.40219.1
Project("{FAE04EC0-301F-11D3-BF4B-00C04F79EFBC}") = "GrpA_Week9Task", "GrpA_Week9Task\GrpA_Week9Task.csproj", "{9D8662E2-3852-4370-8164-E8AFF5B8F9D3}"
EndProject
Global
	GlobalSection(SolutionConfigurationPlatforms) = preSolution
		Debug|Any CPU = Debug|Any CPU
		Release|Any CPU = Release|Any CPU
	EndGlobalSection
	GlobalSection(ProjectConfigurationPlatforms) = postSolution
		{9D8662E2-3852-4370-8164-E8AFF5B8F9D3}.Debug|Any CPU.ActiveCfg = Debug|Any CPU
		{9D8662E2-3852-4370-8164-E8AFF5B8F9D3}.Debug|Any CPU.Build.0 = Debug|Any CPU
		{9D8662E2-3852-4370-8164-E8AFF5B8F9D3}.Release|Any CPU.ActiveCfg = Release|Any CPU
		{9D8662E2-3852-4370-8164-E8AFF5B8F9D3}.Release|Any CPU.Build.0 = Release|Any CPU
	EndGlobalSection
	GlobalSection(SolutionProperties) = preSolution
		HideSolutionNode = FALSE
	EndGlobalSection
	GlobalSection(ExtensibilityGlobals) = postSolution
		SolutionGuid = {F356B159-1252-4C2D-87A4-B52AC6F383DA}
	EndGlobalSection
EndGlobal
